{
  "name": "Full Stack Project",
  "lockfileVersion": 2,
  "requires": true,
  "packages": {
    "": {
      "dependencies": {
        "@ckeditor/ckeditor5-angular": "^7.0.1"
      }
    },
    "node_modules/@angular/common": {
      "version": "17.3.2",
      "resolved": "https://registry.npmjs.org/@angular/common/-/common-17.3.2.tgz",
      "integrity": "sha512-7fo+hrQEzo+VX0fJAKK+P4YNeiEnpdMOAkyIdwweyAeUZYeFIs6TKtax3CiJAubnkIkhQ/52uxiusDhK3Wg/WQ==",
      "peer": true,
      "dependencies": {
        "tslib": "^2.3.0"
      },
      "engines": {
        "node": "^18.13.0 || >=20.9.0"
      },
      "peerDependencies": {
        "@angular/core": "17.3.2",
        "rxjs": "^6.5.3 || ^7.4.0"
      }
    },
    "node_modules/@angular/core": {
      "version": "17.3.2",
      "resolved": "https://registry.npmjs.org/@angular/core/-/core-17.3.2.tgz",
      "integrity": "sha512-eylatBGaN8uihKomEcXkaSHmAea5bEqu1OXifEoVOJiJpJA9Dbt/VcLXkIRFnRGH2NWUT5W79vSoU9GRvPMk5w==",
      "peer": true,
      "dependencies": {
        "tslib": "^2.3.0"
      },
      "engines": {
        "node": "^18.13.0 || >=20.9.0"
      },
      "peerDependencies": {
        "rxjs": "^6.5.3 || ^7.4.0",
        "zone.js": "~0.14.0"
      }
    },
    "node_modules/@angular/forms": {
      "version": "17.3.2",
      "resolved": "https://registry.npmjs.org/@angular/forms/-/forms-17.3.2.tgz",
      "integrity": "sha512-sbHYjAEeEWW+02YDEKuuuTEUukm6AayQuHiAu37vACj/2q/2RWQar49IoRcSJfAwP2ckqRSK4mmLoDX4IG/KSg==",
      "peer": true,
      "dependencies": {
        "tslib": "^2.3.0"
      },
      "engines": {
        "node": "^18.13.0 || >=20.9.0"
      },
      "peerDependencies": {
        "@angular/common": "17.3.2",
        "@angular/core": "17.3.2",
        "@angular/platform-browser": "17.3.2",
        "rxjs": "^6.5.3 || ^7.4.0"
      }
    },
    "node_modules/@angular/platform-browser": {
      "version": "17.3.2",
      "resolved": "https://registry.npmjs.org/@angular/platform-browser/-/platform-browser-17.3.2.tgz",
      "integrity": "sha512-rBVmpJ/uh+CTjYef3Nib1K+31GFbM4mZaw2R2PowKZLgWOT3MWXKy41i44NEyM8qY1dxESmzMzy4NuGfZol42Q==",
      "peer": true,
      "dependencies": {
        "tslib": "^2.3.0"
      },
      "engines": {
        "node": "^18.13.0 || >=20.9.0"
      },
      "peerDependencies": {
        "@angular/animations": "17.3.2",
        "@angular/common": "17.3.2",
        "@angular/core": "17.3.2"
      },
      "peerDependenciesMeta": {
        "@angular/animations": {
          "optional": true
        }
      }
    },
    "node_modules/@ckeditor/ckeditor5-angular": {
      "version": "7.0.1",
      "resolved": "https://registry.npmjs.org/@ckeditor/ckeditor5-angular/-/ckeditor5-angular-7.0.1.tgz",
      "integrity": "sha512-bHBmBMa9PAXk1MMjeq+9nV/HVWdwv36kRjpOr4JUiYYxRFdtPBXWj+3Jb9TUymyWchhxMA440iYJVoYgVw3lOA==",
      "dependencies": {
        "tslib": "^2.3.0"
      },
      "peerDependencies": {
        "@angular/common": ">=13.0.0",
        "@angular/core": ">=13.0.0",
        "@angular/forms": ">=13.0.0",
        "@ckeditor/ckeditor5-core": ">=37.0.0",
        "@ckeditor/ckeditor5-engine": ">=37.0.0",
        "@ckeditor/ckeditor5-utils": ">=37.0.0",
        "@ckeditor/ckeditor5-watchdog": ">=37.0.0",
        "rxjs": ">=6.0.0"
      }
    },
    "node_modules/@ckeditor/ckeditor5-core": {
      "version": "41.2.1",
      "resolved": "https://registry.npmjs.org/@ckeditor/ckeditor5-core/-/ckeditor5-core-41.2.1.tgz",
      "integrity": "sha512-h75yyYy17a8Zj7SayWcNCevzD/JKosHGDIeGQht4R0HxfT+/108AGxRA8ELpAaiPTvb9uoOLSQg5DiM/hPjHuQ==",
      "peer": true,
      "dependencies": {
        "@ckeditor/ckeditor5-engine": "41.2.1",
        "@ckeditor/ckeditor5-utils": "41.2.1",
        "lodash-es": "4.17.21"
      }
    },
    "node_modules/@ckeditor/ckeditor5-engine": {
      "version": "41.2.1",
      "resolved": "https://registry.npmjs.org/@ckeditor/ckeditor5-engine/-/ckeditor5-engine-41.2.1.tgz",
      "integrity": "sha512-p2XtuSL7TGzgKHWPV/N8M0bX0I/ygmBTZ+D90TwqgW8cKCNYCTluQvceAleoRJAuovPK/KAi8OeDj/TjXXkakA==",
      "peer": true,
      "dependencies": {
        "@ckeditor/ckeditor5-utils": "41.2.1",
        "lodash-es": "4.17.21"
      }
    },
    "node_modules/@ckeditor/ckeditor5-utils": {
      "version": "41.2.1",
      "resolved": "https://registry.npmjs.org/@ckeditor/ckeditor5-utils/-/ckeditor5-utils-41.2.1.tgz",
      "integrity": "sha512-yBtKU3QteYieEU3Wa8Wj1fea4CBFqmsemhesOIb7K5JYHFBs7xQ+efAaTWL+YTSOt/y50SEy2BCK+9mUkRohBg==",
      "peer": true,
      "dependencies": {
        "lodash-es": "4.17.21"
      }
    },
    "node_modules/@ckeditor/ckeditor5-watchdog": {
      "version": "41.2.1",
      "resolved": "https://registry.npmjs.org/@ckeditor/ckeditor5-watchdog/-/ckeditor5-watchdog-41.2.1.tgz",
      "integrity": "sha512-3Y/PPS9dTzIL/TsGf23lz4QxW6Y8/up62afict7YLH2p4g85KMxyDWhZJui8QYsonALjoWy34vSlMTI/WbMM4w==",
      "peer": true,
      "dependencies": {
        "lodash-es": "4.17.21"
      }
    },
    "node_modules/lodash-es": {
      "version": "4.17.21",
      "resolved": "https://registry.npmjs.org/lodash-es/-/lodash-es-4.17.21.tgz",
      "integrity": "sha512-mKnC+QJ9pWVzv+C4/U3rRsHapFfHvQFoFB92e52xeyGMcX6/OlIl78je1u8vePzYZSkkogMPJ2yjxxsb89cxyw==",
      "peer": true
    },
    "node_modules/rxjs": {
      "version": "7.8.1",
      "resolved": "https://registry.npmjs.org/rxjs/-/rxjs-7.8.1.tgz",
      "integrity": "sha512-AA3TVj+0A2iuIoQkWEK/tqFjBq2j+6PO6Y0zJcvzLAFhEFIO3HL0vls9hWLncZbAAbK0mar7oZ4V079I/qPMxg==",
      "peer": true,
      "dependencies": {
        "tslib": "^2.1.0"
      }
    },
    "node_modules/tslib": {
      "version": "2.6.2",
      "resolved": "https://registry.npmjs.org/tslib/-/tslib-2.6.2.tgz",
      "integrity": "sha512-AEYxH93jGFPn/a2iVAwW87VuUIkR1FVUKB77NwMF7nBTDkDrrT/Hpt/IrCJ0QXhW27jTBDcf5ZY7w6RiqTMw2Q=="
    },
    "node_modules/zone.js": {
      "version": "0.14.4",
      "resolved": "https://registry.npmjs.org/zone.js/-/zone.js-0.14.4.tgz",
      "integrity": "sha512-NtTUvIlNELez7Q1DzKVIFZBzNb646boQMgpATo9z3Ftuu/gWvzxCW7jdjcUDoRGxRikrhVHB/zLXh1hxeJawvw==",
      "peer": true,
      "dependencies": {
        "tslib": "^2.3.0"
      }
    }
  },
  "dependencies": {
    "@angular/common": {
      "version": "17.3.2",
      "resolved": "https://registry.npmjs.org/@angular/common/-/common-17.3.2.tgz",
      "integrity": "sha512-7fo+hrQEzo+VX0fJAKK+P4YNeiEnpdMOAkyIdwweyAeUZYeFIs6TKtax3CiJAubnkIkhQ/52uxiusDhK3Wg/WQ==",
      "peer": true,
      "requires": {
        "tslib": "^2.3.0"
      }
    },
    "@angular/core": {
      "version": "17.3.2",
      "resolved": "https://registry.npmjs.org/@angular/core/-/core-17.3.2.tgz",
      "integrity": "sha512-eylatBGaN8uihKomEcXkaSHmAea5bEqu1OXifEoVOJiJpJA9Dbt/VcLXkIRFnRGH2NWUT5W79vSoU9GRvPMk5w==",
      "peer": true,
      "requires": {
        "tslib": "^2.3.0"
      }
    },
    "@angular/forms": {
      "version": "17.3.2",
      "resolved": "https://registry.npmjs.org/@angular/forms/-/forms-17.3.2.tgz",
      "integrity": "sha512-sbHYjAEeEWW+02YDEKuuuTEUukm6AayQuHiAu37vACj/2q/2RWQar49IoRcSJfAwP2ckqRSK4mmLoDX4IG/KSg==",
      "peer": true,
      "requires": {
        "tslib": "^2.3.0"
      }
    },
    "@angular/platform-browser": {
      "version": "17.3.2",
      "resolved": "https://registry.npmjs.org/@angular/platform-browser/-/platform-browser-17.3.2.tgz",
      "integrity": "sha512-rBVmpJ/uh+CTjYef3Nib1K+31GFbM4mZaw2R2PowKZLgWOT3MWXKy41i44NEyM8qY1dxESmzMzy4NuGfZol42Q==",
      "peer": true,
      "requires": {
        "tslib": "^2.3.0"
      }
    },
    "@ckeditor/ckeditor5-angular": {
      "version": "7.0.1",
      "resolved": "https://registry.npmjs.org/@ckeditor/ckeditor5-angular/-/ckeditor5-angular-7.0.1.tgz",
      "integrity": "sha512-bHBmBMa9PAXk1MMjeq+9nV/HVWdwv36kRjpOr4JUiYYxRFdtPBXWj+3Jb9TUymyWchhxMA440iYJVoYgVw3lOA==",
      "requires": {
        "tslib": "^2.3.0"
      }
    },
    "@ckeditor/ckeditor5-core": {
      "version": "41.2.1",
      "resolved": "https://registry.npmjs.org/@ckeditor/ckeditor5-core/-/ckeditor5-core-41.2.1.tgz",
      "integrity": "sha512-h75yyYy17a8Zj7SayWcNCevzD/JKosHGDIeGQht4R0HxfT+/108AGxRA8ELpAaiPTvb9uoOLSQg5DiM/hPjHuQ==",
      "peer": true,
      "requires": {
        "@ckeditor/ckeditor5-engine": "41.2.1",
        "@ckeditor/ckeditor5-utils": "41.2.1",
        "lodash-es": "4.17.21"
      }
    },
    "@ckeditor/ckeditor5-engine": {
      "version": "41.2.1",
      "resolved": "https://registry.npmjs.org/@ckeditor/ckeditor5-engine/-/ckeditor5-engine-41.2.1.tgz",
      "integrity": "sha512-p2XtuSL7TGzgKHWPV/N8M0bX0I/ygmBTZ+D90TwqgW8cKCNYCTluQvceAleoRJAuovPK/KAi8OeDj/TjXXkakA==",
      "peer": true,
      "requires": {
        "@ckeditor/ckeditor5-utils": "41.2.1",
        "lodash-es": "4.17.21"
      }
    },
    "@ckeditor/ckeditor5-utils": {
      "version": "41.2.1",
      "resolved": "https://registry.npmjs.org/@ckeditor/ckeditor5-utils/-/ckeditor5-utils-41.2.1.tgz",
      "integrity": "sha512-yBtKU3QteYieEU3Wa8Wj1fea4CBFqmsemhesOIb7K5JYHFBs7xQ+efAaTWL+YTSOt/y50SEy2BCK+9mUkRohBg==",
      "peer": true,
      "requires": {
        "lodash-es": "4.17.21"
      }
    },
    "@ckeditor/ckeditor5-watchdog": {
      "version": "41.2.1",
      "resolved": "https://registry.npmjs.org/@ckeditor/ckeditor5-watchdog/-/ckeditor5-watchdog-41.2.1.tgz",
      "integrity": "sha512-3Y/PPS9dTzIL/TsGf23lz4QxW6Y8/up62afict7YLH2p4g85KMxyDWhZJui8QYsonALjoWy34vSlMTI/WbMM4w==",
      "peer": true,
      "requires": {
        "lodash-es": "4.17.21"
      }
    },
    "lodash-es": {
      "version": "4.17.21",
      "resolved": "https://registry.npmjs.org/lodash-es/-/lodash-es-4.17.21.tgz",
      "integrity": "sha512-mKnC+QJ9pWVzv+C4/U3rRsHapFfHvQFoFB92e52xeyGMcX6/OlIl78je1u8vePzYZSkkogMPJ2yjxxsb89cxyw==",
      "peer": true
    },
    "rxjs": {
      "version": "7.8.1",
      "resolved": "https://registry.npmjs.org/rxjs/-/rxjs-7.8.1.tgz",
      "integrity": "sha512-AA3TVj+0A2iuIoQkWEK/tqFjBq2j+6PO6Y0zJcvzLAFhEFIO3HL0vls9hWLncZbAAbK0mar7oZ4V079I/qPMxg==",
      "peer": true,
      "requires": {
        "tslib": "^2.1.0"
      }
    },
    "tslib": {
      "version": "2.6.2",
      "resolved": "https://registry.npmjs.org/tslib/-/tslib-2.6.2.tgz",
      "integrity": "sha512-AEYxH93jGFPn/a2iVAwW87VuUIkR1FVUKB77NwMF7nBTDkDrrT/Hpt/IrCJ0QXhW27jTBDcf5ZY7w6RiqTMw2Q=="
    },
    "zone.js": {
      "version": "0.14.4",
      "resolved": "https://registry.npmjs.org/zone.js/-/zone.js-0.14.4.tgz",
      "integrity": "sha512-NtTUvIlNELez7Q1DzKVIFZBzNb646boQMgpATo9z3Ftuu/gWvzxCW7jdjcUDoRGxRikrhVHB/zLXh1hxeJawvw==",
      "peer": true,
      "requires": {
        "tslib": "^2.3.0"
      }
    }
  }
}
